<?xml version="1.0" encoding="utf-8"?>
<Project ToolsVersion="4.0" xmlns="http://schemas.microsoft.com/developer/msbuild/2003">
  <ItemGroup>
    <CudaCompile Include="vector.cu">
      <Filter>data_structure</Filter>
    </CudaCompile>
    <CudaCompile Include="matrix.cu">
      <Filter>data_structure</Filter>
    </CudaCompile>
    <CudaCompile Include="matrix_kernels.cu">
      <Filter>kernels</Filter>
    </CudaCompile>
  </ItemGroup>
  <ItemGroup>
    <Filter Include="config">
      <UniqueIdentifier>{fa8894e2-aaca-40c2-a5f3-ffad5c618ae6}</UniqueIdentifier>
    </Filter>
    <Filter Include="include">
      <UniqueIdentifier>{34b1a22f-176e-4821-a8a1-fde889e64255}</UniqueIdentifier>
    </Filter>
    <Filter Include="data_structure">
      <UniqueIdentifier>{26436ed8-18c5-47c8-acd3-09c821be2bd5}</UniqueIdentifier>
    </Filter>
    <Filter Include="memory">
      <UniqueIdentifier>{29608720-6389-41a7-b35c-ca5385a0f290}</UniqueIdentifier>
    </Filter>
    <Filter Include="enums">
      <UniqueIdentifier>{dadac0f4-31d4-4111-8590-b2da6f7e0a1b}</UniqueIdentifier>
    </Filter>
    <Filter Include="interfaces">
      <UniqueIdentifier>{38ab5cad-ecfb-4d59-97ce-b260f1a313e4}</UniqueIdentifier>
    </Filter>
    <Filter Include="utils">
      <UniqueIdentifier>{b59f049c-a842-4576-a1af-0fcbe694d245}</UniqueIdentifier>
    </Filter>
    <Filter Include="kernels">
      <UniqueIdentifier>{ea9dd56b-7b5e-4ce3-842a-9cfc8d96444c}</UniqueIdentifier>
    </Filter>
    <Filter Include="ml">
      <UniqueIdentifier>{4d27f54b-7c2a-4acd-871a-0a61665faa83}</UniqueIdentifier>
    </Filter>
    <Filter Include="ml\neural_network">
      <UniqueIdentifier>{0c496c0d-8967-4d2d-a5b5-f64f8024b365}</UniqueIdentifier>
    </Filter>
    <Filter Include="gui">
      <UniqueIdentifier>{d8d6677a-447f-404f-9c43-5bfcef13588b}</UniqueIdentifier>
    </Filter>
    <Filter Include="logs">
      <UniqueIdentifier>{7105e5ad-0d75-4276-aede-a678f1892442}</UniqueIdentifier>
    </Filter>
    <Filter Include="exceptions">
      <UniqueIdentifier>{509c53ca-91d1-4e08-aa54-ea8d35cecdb8}</UniqueIdentifier>
    </Filter>
    <Filter Include="ml\functions">
      <UniqueIdentifier>{73192254-6dea-4088-a865-1fe289ca5dec}</UniqueIdentifier>
    </Filter>
    <Filter Include="assets">
      <UniqueIdentifier>{ab1e799b-e83d-486f-88ad-0e87d2a4cb23}</UniqueIdentifier>
    </Filter>
    <Filter Include="io">
      <UniqueIdentifier>{5d4c80cf-9c60-43c2-b273-192003b3f895}</UniqueIdentifier>
    </Filter>
    <Filter Include="bridge">
      <UniqueIdentifier>{b7515227-c061-484a-afc3-4d9cc3761882}</UniqueIdentifier>
    </Filter>
  </ItemGroup>
  <ItemGroup>
    <ClInclude Include="vector.h">
      <Filter>data_structure</Filter>
    </ClInclude>
    <ClInclude Include="enums.h">
      <Filter>enums</Filter>
    </ClInclude>
    <ClInclude Include="StackAllocator.h">
      <Filter>memory</Filter>
    </ClInclude>
    <ClInclude Include="PoolAllocator.h">
      <Filter>memory</Filter>
    </ClInclude>
    <ClInclude Include="NonCopyableObject.h">
      <Filter>interfaces</Filter>
    </ClInclude>
    <ClInclude Include="NonMoveableObject.h">
      <Filter>interfaces</Filter>
    </ClInclude>
    <ClInclude Include="Utils.h">
      <Filter>utils</Filter>
    </ClInclude>
    <ClInclude Include="GpuAllocator.h">
      <Filter>memory</Filter>
    </ClInclude>
    <ClInclude Include="Allocator.h">
      <Filter>memory</Filter>
    </ClInclude>
    <ClInclude Include="UI.h">
      <Filter>interfaces</Filter>
    </ClInclude>
    <ClInclude Include="GUIConsole.h">
      <Filter>gui</Filter>
    </ClInclude>
    <ClInclude Include="ApplicationContext.h">
      <Filter>config</Filter>
    </ClInclude>
    <ClInclude Include="MemoryAllocationException.h">
      <Filter>exceptions</Filter>
    </ClInclude>
    <ClInclude Include="ApplicationLogger.h">
      <Filter>logs</Filter>
    </ClInclude>
    <ClInclude Include="LoggingPolicy.h">
      <Filter>logs</Filter>
    </ClInclude>
    <ClInclude Include="Memory.h">
      <Filter>memory</Filter>
    </ClInclude>
    <ClInclude Include="matrix.h">
      <Filter>data_structure</Filter>
    </ClInclude>
    <ClInclude Include="NetworkLayer.h">
      <Filter>ml\neural_network</Filter>
    </ClInclude>
    <ClInclude Include="Neuron.h">
      <Filter>ml\neural_network</Filter>
    </ClInclude>
    <ClInclude Include="NeuralNetwork.h">
      <Filter>ml\neural_network</Filter>
    </ClInclude>
    <ClInclude Include="TransferFunction.h">
      <Filter>ml\functions</Filter>
    </ClInclude>
    <ClInclude Include="TanhTransferFunction.h">
      <Filter>ml\functions</Filter>
    </ClInclude>
    <ClInclude Include="ErrorFunction.h">
      <Filter>ml\functions</Filter>
    </ClInclude>
    <ClInclude Include="FunctionFactory.h">
      <Filter>ml\functions</Filter>
    </ClInclude>
    <ClInclude Include="MSEErrorFunction.h">
      <Filter>ml\functions</Filter>
    </ClInclude>
    <ClInclude Include="PrintableObject.h">
      <Filter>interfaces</Filter>
    </ClInclude>
    <ClInclude Include="include\json.hpp">
      <Filter>assets</Filter>
    </ClInclude>
    <ClInclude Include="Configuration.h">
      <Filter>config</Filter>
    </ClInclude>
    <ClInclude Include="MatrixFactory.h">
      <Filter>bridge</Filter>
    </ClInclude>
    <ClInclude Include="matrix_kernels.h">
      <Filter>kernels</Filter>
    </ClInclude>
    <ClInclude Include="includes.h">
      <Filter>include</Filter>
    </ClInclude>
  </ItemGroup>
  <ItemGroup>
    <ClCompile Include="StackAllocator.cpp">
      <Filter>memory</Filter>
    </ClCompile>
    <ClCompile Include="PoolAllocator.cpp">
      <Filter>memory</Filter>
    </ClCompile>
    <ClCompile Include="Utils.cpp">
      <Filter>utils</Filter>
    </ClCompile>
    <ClCompile Include="Allocator.cpp">
      <Filter>memory</Filter>
    </ClCompile>
    <ClCompile Include="GpuAllocator.cu">
      <Filter>memory</Filter>
    </ClCompile>
    <ClCompile Include="LoggingPolicy.cpp">
      <Filter>logs</Filter>
    </ClCompile>
    <ClCompile Include="Memory.cpp">
      <Filter>memory</Filter>
    </ClCompile>
    <ClCompile Include="NetworkLayer.cpp">
      <Filter>ml\neural_network</Filter>
    </ClCompile>
    <ClCompile Include="Neuron.cpp">
      <Filter>ml\neural_network</Filter>
    </ClCompile>
    <ClCompile Include="NeuralNetwork.cpp">
      <Filter>ml\neural_network</Filter>
    </ClCompile>
    <ClCompile Include="TanhTransferFunction.cpp">
      <Filter>ml\functions</Filter>
    </ClCompile>
    <ClCompile Include="FunctionFactory.cpp">
      <Filter>ml\functions</Filter>
    </ClCompile>
    <ClCompile Include="MSEErrorFunction.cpp">
      <Filter>ml\functions</Filter>
    </ClCompile>
    <ClCompile Include="MatrixFactory.cu">
      <Filter>bridge</Filter>
    </ClCompile>
    <ClCompile Include="ApplicationContext.cu">
      <Filter>config</Filter>
    </ClCompile>
    <ClCompile Include="MemoryAllocationException.cu">
      <Filter>exceptions</Filter>
    </ClCompile>
    <ClCompile Include="GUIConsole.cu">
      <Filter>gui</Filter>
    </ClCompile>
    <ClCompile Include="ApplicationConfiguration.cpp">
      <Filter>config</Filter>
    </ClCompile>
  </ItemGroup>
  <ItemGroup>
    <None Include="config.cfg">
      <Filter>io</Filter>
    </None>
  </ItemGroup>
</Project>